// !$*UTF8*$!
{
	archiveVersion = 1;
	classes = {
	};
	objectVersion = 50;
	objects = {

/* Begin PBXBuildFile section */
		DC19BA8C26BA77DF00A943A7 /* CGTransformPracticeVC.m in Sources */ = {isa = PBXBuildFile; fileRef = DC19BA8B26BA77DF00A943A7 /* CGTransformPracticeVC.m */; };
		DC51BEAF26C0EBFA0000ADAE /* SharkVC.m in Sources */ = {isa = PBXBuildFile; fileRef = DC51BEAE26C0EBFA0000ADAE /* SharkVC.m */; };
		DC55DC1926BB742F0020125C /* CABasicAnimationVC.m in Sources */ = {isa = PBXBuildFile; fileRef = DC55DC1826BB742F0020125C /* CABasicAnimationVC.m */; };
		DC73920926C00C060022D3EF /* AVPlayLayerVC.m in Sources */ = {isa = PBXBuildFile; fileRef = DC73920826C00C060022D3EF /* AVPlayLayerVC.m */; };
		DC878F4626BF91FE00E1D7E7 /* RainEmitterVC.m in Sources */ = {isa = PBXBuildFile; fileRef = DC878F4526BF91FE00E1D7E7 /* RainEmitterVC.m */; };
		DC878F4926BFA97400E1D7E7 /* ThumbVC.m in Sources */ = {isa = PBXBuildFile; fileRef = DC878F4826BFA97400E1D7E7 /* ThumbVC.m */; };
		DC91AA3E26C4E25600859464 /* LabelVC.m in Sources */ = {isa = PBXBuildFile; fileRef = DC91AA3D26C4E25600859464 /* LabelVC.m */; };
		DC91EB0C26C21352001312D8 /* BezierPathAnimationVC.m in Sources */ = {isa = PBXBuildFile; fileRef = DC91EB0B26C21352001312D8 /* BezierPathAnimationVC.m */; };
		DC91EB0E26C23A35001312D8 /* car.png in Resources */ = {isa = PBXBuildFile; fileRef = DC91EB0D26C23A35001312D8 /* car.png */; };
		DC91EB1126C23C01001312D8 /* PanGestureVC.m in Sources */ = {isa = PBXBuildFile; fileRef = DC91EB1026C23C01001312D8 /* PanGestureVC.m */; };
		DC92BBD326C3E7D100C865EE /* PushStyleVC.m in Sources */ = {isa = PBXBuildFile; fileRef = DC92BBD226C3E7D100C865EE /* PushStyleVC.m */; };
		DC92BBD626C3E84C00C865EE /* CustomPushVC.m in Sources */ = {isa = PBXBuildFile; fileRef = DC92BBD526C3E84C00C865EE /* CustomPushVC.m */; };
		DC92BBD926C3F06F00C865EE /* LikeVC.m in Sources */ = {isa = PBXBuildFile; fileRef = DC92BBD826C3F06F00C865EE /* LikeVC.m */; };
		DC94481026B3A77D00F896D0 /* AppDelegate.m in Sources */ = {isa = PBXBuildFile; fileRef = DC94480F26B3A77D00F896D0 /* AppDelegate.m */; };
		DC94481326B3A77D00F896D0 /* SceneDelegate.m in Sources */ = {isa = PBXBuildFile; fileRef = DC94481226B3A77D00F896D0 /* SceneDelegate.m */; };
		DC94481626B3A77D00F896D0 /* ViewController.m in Sources */ = {isa = PBXBuildFile; fileRef = DC94481526B3A77D00F896D0 /* ViewController.m */; };
		DC94481B26B3A77D00F896D0 /* Assets.xcassets in Resources */ = {isa = PBXBuildFile; fileRef = DC94481A26B3A77D00F896D0 /* Assets.xcassets */; };
		DC94481E26B3A77D00F896D0 /* LaunchScreen.storyboard in Resources */ = {isa = PBXBuildFile; fileRef = DC94481C26B3A77D00F896D0 /* LaunchScreen.storyboard */; };
		DC94482126B3A77D00F896D0 /* main.m in Sources */ = {isa = PBXBuildFile; fileRef = DC94482026B3A77D00F896D0 /* main.m */; };
		DC948FF626BE2BC3003205B6 /* CATransformLayerVC.m in Sources */ = {isa = PBXBuildFile; fileRef = DC948FF526BE2BC3003205B6 /* CATransformLayerVC.m */; };
		DC948FF926BE2EAF003205B6 /* CAGradientLayerVC.m in Sources */ = {isa = PBXBuildFile; fileRef = DC948FF826BE2EAF003205B6 /* CAGradientLayerVC.m */; };
		DC948FFC26BE3323003205B6 /* CAReplicatorLayerVC.m in Sources */ = {isa = PBXBuildFile; fileRef = DC948FFB26BE3323003205B6 /* CAReplicatorLayerVC.m */; };
		DC948FFF26BE3C7B003205B6 /* CAEmitterLayerVC.m in Sources */ = {isa = PBXBuildFile; fileRef = DC948FFE26BE3C7B003205B6 /* CAEmitterLayerVC.m */; };
		DCC05E7D26C0230E009A56C7 /* movie.mp4 in Resources */ = {isa = PBXBuildFile; fileRef = DCC05E7C26C0230E009A56C7 /* movie.mp4 */; };
		DCE50D5D26D0E0C0009CB342 /* MusicVC.m in Sources */ = {isa = PBXBuildFile; fileRef = DCE50D5C26D0E0C0009CB342 /* MusicVC.m */; };
		DCE50D6026D0F247009CB342 /* ScaleVC.m in Sources */ = {isa = PBXBuildFile; fileRef = DCE50D5F26D0F247009CB342 /* ScaleVC.m */; };
		DCFA166D26B3F0450096BB69 /* CGImageVC.m in Sources */ = {isa = PBXBuildFile; fileRef = DCFA166C26B3F0450096BB69 /* CGImageVC.m */; };
		DCFA167426B3F1AA0096BB69 /* ZPositionVC.m in Sources */ = {isa = PBXBuildFile; fileRef = DCFA167326B3F1AA0096BB69 /* ZPositionVC.m */; };
		DCFA167B26B3F3EB0096BB69 /* HitTestVC.m in Sources */ = {isa = PBXBuildFile; fileRef = DCFA167A26B3F3EB0096BB69 /* HitTestVC.m */; };
		DCFA168226B3F5EC0096BB69 /* CGTransform3DVC.m in Sources */ = {isa = PBXBuildFile; fileRef = DCFA168126B3F5EC0096BB69 /* CGTransform3DVC.m */; };
/* End PBXBuildFile section */

/* Begin PBXFileReference section */
		DC19BA8A26BA77DF00A943A7 /* CGTransformPracticeVC.h */ = {isa = PBXFileReference; lastKnownFileType = sourcecode.c.h; path = CGTransformPracticeVC.h; sourceTree = "<group>"; };
		DC19BA8B26BA77DF00A943A7 /* CGTransformPracticeVC.m */ = {isa = PBXFileReference; lastKnownFileType = sourcecode.c.objc; path = CGTransformPracticeVC.m; sourceTree = "<group>"; };
		DC51BEAD26C0EBFA0000ADAE /* SharkVC.h */ = {isa = PBXFileReference; lastKnownFileType = sourcecode.c.h; path = SharkVC.h; sourceTree = "<group>"; };
		DC51BEAE26C0EBFA0000ADAE /* SharkVC.m */ = {isa = PBXFileReference; lastKnownFileType = sourcecode.c.objc; path = SharkVC.m; sourceTree = "<group>"; };
		DC55DC1726BB742F0020125C /* CABasicAnimationVC.h */ = {isa = PBXFileReference; fileEncoding = 4; lastKnownFileType = sourcecode.c.h; path = CABasicAnimationVC.h; sourceTree = "<group>"; };
		DC55DC1826BB742F0020125C /* CABasicAnimationVC.m */ = {isa = PBXFileReference; fileEncoding = 4; lastKnownFileType = sourcecode.c.objc; path = CABasicAnimationVC.m; sourceTree = "<group>"; };
		DC73920726C00C060022D3EF /* AVPlayLayerVC.h */ = {isa = PBXFileReference; lastKnownFileType = sourcecode.c.h; path = AVPlayLayerVC.h; sourceTree = "<group>"; };
		DC73920826C00C060022D3EF /* AVPlayLayerVC.m */ = {isa = PBXFileReference; lastKnownFileType = sourcecode.c.objc; path = AVPlayLayerVC.m; sourceTree = "<group>"; };
		DC878F4426BF91FE00E1D7E7 /* RainEmitterVC.h */ = {isa = PBXFileReference; lastKnownFileType = sourcecode.c.h; path = RainEmitterVC.h; sourceTree = "<group>"; };
		DC878F4526BF91FE00E1D7E7 /* RainEmitterVC.m */ = {isa = PBXFileReference; lastKnownFileType = sourcecode.c.objc; path = RainEmitterVC.m; sourceTree = "<group>"; };
		DC878F4726BFA97400E1D7E7 /* ThumbVC.h */ = {isa = PBXFileReference; lastKnownFileType = sourcecode.c.h; path = ThumbVC.h; sourceTree = "<group>"; };
		DC878F4826BFA97400E1D7E7 /* ThumbVC.m */ = {isa = PBXFileReference; lastKnownFileType = sourcecode.c.objc; path = ThumbVC.m; sourceTree = "<group>"; };
		DC91AA3C26C4E25600859464 /* LabelVC.h */ = {isa = PBXFileReference; lastKnownFileType = sourcecode.c.h; path = LabelVC.h; sourceTree = "<group>"; };
		DC91AA3D26C4E25600859464 /* LabelVC.m */ = {isa = PBXFileReference; lastKnownFileType = sourcecode.c.objc; path = LabelVC.m; sourceTree = "<group>"; };
		DC91EB0A26C21352001312D8 /* BezierPathAnimationVC.h */ = {isa = PBXFileReference; lastKnownFileType = sourcecode.c.h; path = BezierPathAnimationVC.h; sourceTree = "<group>"; };
		DC91EB0B26C21352001312D8 /* BezierPathAnimationVC.m */ = {isa = PBXFileReference; lastKnownFileType = sourcecode.c.objc; path = BezierPathAnimationVC.m; sourceTree = "<group>"; };
		DC91EB0D26C23A35001312D8 /* car.png */ = {isa = PBXFileReference; lastKnownFileType = image.png; path = car.png; sourceTree = "<group>"; };
		DC91EB0F26C23C01001312D8 /* PanGestureVC.h */ = {isa = PBXFileReference; lastKnownFileType = sourcecode.c.h; path = PanGestureVC.h; sourceTree = "<group>"; };
		DC91EB1026C23C01001312D8 /* PanGestureVC.m */ = {isa = PBXFileReference; lastKnownFileType = sourcecode.c.objc; path = PanGestureVC.m; sourceTree = "<group>"; };
		DC92BBD126C3E7D100C865EE /* PushStyleVC.h */ = {isa = PBXFileReference; lastKnownFileType = sourcecode.c.h; path = PushStyleVC.h; sourceTree = "<group>"; };
		DC92BBD226C3E7D100C865EE /* PushStyleVC.m */ = {isa = PBXFileReference; lastKnownFileType = sourcecode.c.objc; path = PushStyleVC.m; sourceTree = "<group>"; };
		DC92BBD426C3E84C00C865EE /* CustomPushVC.h */ = {isa = PBXFileReference; lastKnownFileType = sourcecode.c.h; path = CustomPushVC.h; sourceTree = "<group>"; };
		DC92BBD526C3E84C00C865EE /* CustomPushVC.m */ = {isa = PBXFileReference; lastKnownFileType = sourcecode.c.objc; path = CustomPushVC.m; sourceTree = "<group>"; };
		DC92BBD726C3F06F00C865EE /* LikeVC.h */ = {isa = PBXFileReference; lastKnownFileType = sourcecode.c.h; path = LikeVC.h; sourceTree = "<group>"; };
		DC92BBD826C3F06F00C865EE /* LikeVC.m */ = {isa = PBXFileReference; lastKnownFileType = sourcecode.c.objc; path = LikeVC.m; sourceTree = "<group>"; };
		DC94480B26B3A77D00F896D0 /* FXAnimation.app */ = {isa = PBXFileReference; explicitFileType = wrapper.application; includeInIndex = 0; path = FXAnimation.app; sourceTree = BUILT_PRODUCTS_DIR; };
		DC94480E26B3A77D00F896D0 /* AppDelegate.h */ = {isa = PBXFileReference; lastKnownFileType = sourcecode.c.h; path = AppDelegate.h; sourceTree = "<group>"; };
		DC94480F26B3A77D00F896D0 /* AppDelegate.m */ = {isa = PBXFileReference; lastKnownFileType = sourcecode.c.objc; path = AppDelegate.m; sourceTree = "<group>"; };
		DC94481126B3A77D00F896D0 /* SceneDelegate.h */ = {isa = PBXFileReference; lastKnownFileType = sourcecode.c.h; path = SceneDelegate.h; sourceTree = "<group>"; };
		DC94481226B3A77D00F896D0 /* SceneDelegate.m */ = {isa = PBXFileReference; lastKnownFileType = sourcecode.c.objc; path = SceneDelegate.m; sourceTree = "<group>"; };
		DC94481426B3A77D00F896D0 /* ViewController.h */ = {isa = PBXFileReference; lastKnownFileType = sourcecode.c.h; path = ViewController.h; sourceTree = "<group>"; };
		DC94481526B3A77D00F896D0 /* ViewController.m */ = {isa = PBXFileReference; lastKnownFileType = sourcecode.c.objc; path = ViewController.m; sourceTree = "<group>"; };
		DC94481A26B3A77D00F896D0 /* Assets.xcassets */ = {isa = PBXFileReference; lastKnownFileType = folder.assetcatalog; path = Assets.xcassets; sourceTree = "<group>"; };
		DC94481D26B3A77D00F896D0 /* Base */ = {isa = PBXFileReference; lastKnownFileType = file.storyboard; name = Base; path = Base.lproj/LaunchScreen.storyboard; sourceTree = "<group>"; };
		DC94481F26B3A77D00F896D0 /* Info.plist */ = {isa = PBXFileReference; lastKnownFileType = text.plist.xml; path = Info.plist; sourceTree = "<group>"; };
		DC94482026B3A77D00F896D0 /* main.m */ = {isa = PBXFileReference; lastKnownFileType = sourcecode.c.objc; path = main.m; sourceTree = "<group>"; };
		DC948FF426BE2BC3003205B6 /* CATransformLayerVC.h */ = {isa = PBXFileReference; lastKnownFileType = sourcecode.c.h; path = CATransformLayerVC.h; sourceTree = "<group>"; };
		DC948FF526BE2BC3003205B6 /* CATransformLayerVC.m */ = {isa = PBXFileReference; lastKnownFileType = sourcecode.c.objc; path = CATransformLayerVC.m; sourceTree = "<group>"; };
		DC948FF726BE2EAF003205B6 /* CAGradientLayerVC.h */ = {isa = PBXFileReference; lastKnownFileType = sourcecode.c.h; path = CAGradientLayerVC.h; sourceTree = "<group>"; };
		DC948FF826BE2EAF003205B6 /* CAGradientLayerVC.m */ = {isa = PBXFileReference; lastKnownFileType = sourcecode.c.objc; path = CAGradientLayerVC.m; sourceTree = "<group>"; };
		DC948FFA26BE3323003205B6 /* CAReplicatorLayerVC.h */ = {isa = PBXFileReference; lastKnownFileType = sourcecode.c.h; path = CAReplicatorLayerVC.h; sourceTree = "<group>"; };
		DC948FFB26BE3323003205B6 /* CAReplicatorLayerVC.m */ = {isa = PBXFileReference; lastKnownFileType = sourcecode.c.objc; path = CAReplicatorLayerVC.m; sourceTree = "<group>"; };
		DC948FFD26BE3C7B003205B6 /* CAEmitterLayerVC.h */ = {isa = PBXFileReference; lastKnownFileType = sourcecode.c.h; path = CAEmitterLayerVC.h; sourceTree = "<group>"; };
		DC948FFE26BE3C7B003205B6 /* CAEmitterLayerVC.m */ = {isa = PBXFileReference; lastKnownFileType = sourcecode.c.objc; path = CAEmitterLayerVC.m; sourceTree = "<group>"; };
		DCC05E7C26C0230E009A56C7 /* movie.mp4 */ = {isa = PBXFileReference; lastKnownFileType = file; path = movie.mp4; sourceTree = "<group>"; };
		DCE50D5B26D0E0C0009CB342 /* MusicVC.h */ = {isa = PBXFileReference; lastKnownFileType = sourcecode.c.h; path = MusicVC.h; sourceTree = "<group>"; };
		DCE50D5C26D0E0C0009CB342 /* MusicVC.m */ = {isa = PBXFileReference; lastKnownFileType = sourcecode.c.objc; path = MusicVC.m; sourceTree = "<group>"; };
		DCE50D5E26D0F247009CB342 /* ScaleVC.h */ = {isa = PBXFileReference; lastKnownFileType = sourcecode.c.h; path = ScaleVC.h; sourceTree = "<group>"; };
		DCE50D5F26D0F247009CB342 /* ScaleVC.m */ = {isa = PBXFileReference; lastKnownFileType = sourcecode.c.objc; path = ScaleVC.m; sourceTree = "<group>"; };
		DCFA166B26B3F0450096BB69 /* CGImageVC.h */ = {isa = PBXFileReference; lastKnownFileType = sourcecode.c.h; path = CGImageVC.h; sourceTree = "<group>"; };
		DCFA166C26B3F0450096BB69 /* CGImageVC.m */ = {isa = PBXFileReference; lastKnownFileType = sourcecode.c.objc; path = CGImageVC.m; sourceTree = "<group>"; };
		DCFA167226B3F1AA0096BB69 /* ZPositionVC.h */ = {isa = PBXFileReference; lastKnownFileType = sourcecode.c.h; path = ZPositionVC.h; sourceTree = "<group>"; };
		DCFA167326B3F1AA0096BB69 /* ZPositionVC.m */ = {isa = PBXFileReference; lastKnownFileType = sourcecode.c.objc; path = ZPositionVC.m; sourceTree = "<group>"; };
		DCFA167926B3F3EB0096BB69 /* HitTestVC.h */ = {isa = PBXFileReference; lastKnownFileType = sourcecode.c.h; path = HitTestVC.h; sourceTree = "<group>"; };
		DCFA167A26B3F3EB0096BB69 /* HitTestVC.m */ = {isa = PBXFileReference; lastKnownFileType = sourcecode.c.objc; path = HitTestVC.m; sourceTree = "<group>"; };
		DCFA168026B3F5EC0096BB69 /* CGTransform3DVC.h */ = {isa = PBXFileReference; lastKnownFileType = sourcecode.c.h; path = CGTransform3DVC.h; sourceTree = "<group>"; };
		DCFA168126B3F5EC0096BB69 /* CGTransform3DVC.m */ = {isa = PBXFileReference; lastKnownFileType = sourcecode.c.objc; path = CGTransform3DVC.m; sourceTree = "<group>"; };
/* End PBXFileReference section */

/* Begin PBXFrameworksBuildPhase section */
		DC94480826B3A77D00F896D0 /* Frameworks */ = {
			isa = PBXFrameworksBuildPhase;
			buildActionMask = 2147483647;
			files = (
			);
			runOnlyForDeploymentPostprocessing = 0;
		};
/* End PBXFrameworksBuildPhase section */

/* Begin PBXGroup section */
		DC94480226B3A77D00F896D0 = {
			isa = PBXGroup;
			children = (
				DC94480D26B3A77D00F896D0 /* FXAnimation */,
				DC94480C26B3A77D00F896D0 /* Products */,
			);
			sourceTree = "<group>";
		};
		DC94480C26B3A77D00F896D0 /* Products */ = {
			isa = PBXGroup;
			children = (
				DC94480B26B3A77D00F896D0 /* FXAnimation.app */,
			);
			name = Products;
			sourceTree = "<group>";
		};
		DC94480D26B3A77D00F896D0 /* FXAnimation */ = {
			isa = PBXGroup;
			children = (
				DC94483726B3BCD300F896D0 /* Animation */,
				DC94480E26B3A77D00F896D0 /* AppDelegate.h */,
				DC94480F26B3A77D00F896D0 /* AppDelegate.m */,
				DC94481126B3A77D00F896D0 /* SceneDelegate.h */,
				DC94481226B3A77D00F896D0 /* SceneDelegate.m */,
				DC94481426B3A77D00F896D0 /* ViewController.h */,
				DC94481526B3A77D00F896D0 /* ViewController.m */,
				DCC05E7C26C0230E009A56C7 /* movie.mp4 */,
				DC91EB0D26C23A35001312D8 /* car.png */,
				DC94481A26B3A77D00F896D0 /* Assets.xcassets */,
				DC94481C26B3A77D00F896D0 /* LaunchScreen.storyboard */,
				DC94481F26B3A77D00F896D0 /* Info.plist */,
				DC94482026B3A77D00F896D0 /* main.m */,
			);
			path = FXAnimation;
			sourceTree = "<group>";
		};
		DC94483726B3BCD300F896D0 /* Animation */ = {
			isa = PBXGroup;
			children = (
				DC55DC1726BB742F0020125C /* CABasicAnimationVC.h */,
				DC55DC1826BB742F0020125C /* CABasicAnimationVC.m */,
				DCFA166B26B3F0450096BB69 /* CGImageVC.h */,
				DCFA166C26B3F0450096BB69 /* CGImageVC.m */,
				DCFA167226B3F1AA0096BB69 /* ZPositionVC.h */,
				DCFA167326B3F1AA0096BB69 /* ZPositionVC.m */,
				DCFA167926B3F3EB0096BB69 /* HitTestVC.h */,
				DCFA167A26B3F3EB0096BB69 /* HitTestVC.m */,
				DCFA168026B3F5EC0096BB69 /* CGTransform3DVC.h */,
				DCFA168126B3F5EC0096BB69 /* CGTransform3DVC.m */,
				DC19BA8A26BA77DF00A943A7 /* CGTransformPracticeVC.h */,
				DC19BA8B26BA77DF00A943A7 /* CGTransformPracticeVC.m */,
				DC948FF426BE2BC3003205B6 /* CATransformLayerVC.h */,
				DC948FF526BE2BC3003205B6 /* CATransformLayerVC.m */,
				DC948FF726BE2EAF003205B6 /* CAGradientLayerVC.h */,
				DC948FF826BE2EAF003205B6 /* CAGradientLayerVC.m */,
				DC948FFA26BE3323003205B6 /* CAReplicatorLayerVC.h */,
				DC948FFB26BE3323003205B6 /* CAReplicatorLayerVC.m */,
				DC948FFD26BE3C7B003205B6 /* CAEmitterLayerVC.h */,
				DC948FFE26BE3C7B003205B6 /* CAEmitterLayerVC.m */,
				DC878F4426BF91FE00E1D7E7 /* RainEmitterVC.h */,
				DC878F4526BF91FE00E1D7E7 /* RainEmitterVC.m */,
				DC878F4726BFA97400E1D7E7 /* ThumbVC.h */,
				DC878F4826BFA97400E1D7E7 /* ThumbVC.m */,
				DC73920726C00C060022D3EF /* AVPlayLayerVC.h */,
				DC73920826C00C060022D3EF /* AVPlayLayerVC.m */,
				DC51BEAD26C0EBFA0000ADAE /* SharkVC.h */,
				DC51BEAE26C0EBFA0000ADAE /* SharkVC.m */,
				DC91EB0A26C21352001312D8 /* BezierPathAnimationVC.h */,
				DC91EB0B26C21352001312D8 /* BezierPathAnimationVC.m */,
				DC91EB0F26C23C01001312D8 /* PanGestureVC.h */,
				DC91EB1026C23C01001312D8 /* PanGestureVC.m */,
				DC92BBD126C3E7D100C865EE /* PushStyleVC.h */,
				DC92BBD226C3E7D100C865EE /* PushStyleVC.m */,
				DC92BBD426C3E84C00C865EE /* CustomPushVC.h */,
				DC92BBD526C3E84C00C865EE /* CustomPushVC.m */,
				DC92BBD726C3F06F00C865EE /* LikeVC.h */,
				DC92BBD826C3F06F00C865EE /* LikeVC.m */,
				DC91AA3C26C4E25600859464 /* LabelVC.h */,
				DC91AA3D26C4E25600859464 /* LabelVC.m */,
				DCE50D5B26D0E0C0009CB342 /* MusicVC.h */,
				DCE50D5C26D0E0C0009CB342 /* MusicVC.m */,
				DCE50D5E26D0F247009CB342 /* ScaleVC.h */,
				DCE50D5F26D0F247009CB342 /* ScaleVC.m */,
			);
			path = Animation;
			sourceTree = "<group>";
		};
/* End PBXGroup section */

/* Begin PBXNativeTarget section */
		DC94480A26B3A77D00F896D0 /* FXAnimation */ = {
			isa = PBXNativeTarget;
			buildConfigurationList = DC94482426B3A77D00F896D0 /* Build configuration list for PBXNativeTarget "FXAnimation" */;
			buildPhases = (
				DC94480726B3A77D00F896D0 /* Sources */,
				DC94480826B3A77D00F896D0 /* Frameworks */,
				DC94480926B3A77D00F896D0 /* Resources */,
			);
			buildRules = (
			);
			dependencies = (
			);
			name = FXAnimation;
			productName = FXAnimation;
			productReference = DC94480B26B3A77D00F896D0 /* FXAnimation.app */;
			productType = "com.apple.product-type.application";
		};
/* End PBXNativeTarget section */

/* Begin PBXProject section */
		DC94480326B3A77D00F896D0 /* Project object */ = {
			isa = PBXProject;
			attributes = {
				LastUpgradeCheck = 1240;
				TargetAttributes = {
					DC94480A26B3A77D00F896D0 = {
						CreatedOnToolsVersion = 12.4;
					};
				};
			};
			buildConfigurationList = DC94480626B3A77D00F896D0 /* Build configuration list for PBXProject "FXAnimation" */;
			compatibilityVersion = "Xcode 9.3";
			developmentRegion = en;
			hasScannedForEncodings = 0;
			knownRegions = (
				en,
				Base,
			);
			mainGroup = DC94480226B3A77D00F896D0;
			productRefGroup = DC94480C26B3A77D00F896D0 /* Products */;
			projectDirPath = "";
			projectRoot = "";
			targets = (
				DC94480A26B3A77D00F896D0 /* FXAnimation */,
			);
		};
/* End PBXProject section */

/* Begin PBXResourcesBuildPhase section */
		DC94480926B3A77D00F896D0 /* Resources */ = {
			isa = PBXResourcesBuildPhase;
			buildActionMask = 2147483647;
			files = (
				DC91EB0E26C23A35001312D8 /* car.png in Resources */,
				DC94481E26B3A77D00F896D0 /* LaunchScreen.storyboard in Resources */,
				DC94481B26B3A77D00F896D0 /* Assets.xcassets in Resources */,
				DCC05E7D26C0230E009A56C7 /* movie.mp4 in Resources */,
			);
			runOnlyForDeploymentPostprocessing = 0;
		};
/* End PBXResourcesBuildPhase section */

/* Begin PBXSourcesBuildPhase section */
		DC94480726B3A77D00F896D0 /* Sources */ = {
			isa = PBXSourcesBuildPhase;
			buildActionMask = 2147483647;
			files = (
				DC91EB1126C23C01001312D8 /* PanGestureVC.m in Sources */,
				DC92BBD626C3E84C00C865EE /* CustomPushVC.m in Sources */,
				DC94481626B3A77D00F896D0 /* ViewController.m in Sources */,
				DC94481026B3A77D00F896D0 /* AppDelegate.m in Sources */,
				DC91EB0C26C21352001312D8 /* BezierPathAnimationVC.m in Sources */,
				DC73920926C00C060022D3EF /* AVPlayLayerVC.m in Sources */,
				DCE50D5D26D0E0C0009CB342 /* MusicVC.m in Sources */,
				DC92BBD926C3F06F00C865EE /* LikeVC.m in Sources */,
				DC94482126B3A77D00F896D0 /* main.m in Sources */,
				DC94481326B3A77D00F896D0 /* SceneDelegate.m in Sources */,
				DC55DC1926BB742F0020125C /* CABasicAnimationVC.m in Sources */,
				DC92BBD326C3E7D100C865EE /* PushStyleVC.m in Sources */,
				DC878F4626BF91FE00E1D7E7 /* RainEmitterVC.m in Sources */,
				DC948FF626BE2BC3003205B6 /* CATransformLayerVC.m in Sources */,
				DC51BEAF26C0EBFA0000ADAE /* SharkVC.m in Sources */,
				DCFA167B26B3F3EB0096BB69 /* HitTestVC.m in Sources */,
				DCFA167426B3F1AA0096BB69 /* ZPositionVC.m in Sources */,
				DCFA166D26B3F0450096BB69 /* CGImageVC.m in Sources */,
				DCFA168226B3F5EC0096BB69 /* CGTransform3DVC.m in Sources */,
				DC948FF926BE2EAF003205B6 /* CAGradientLayerVC.m in Sources */,
				DC948FFC26BE3323003205B6 /* CAReplicatorLayerVC.m in Sources */,
				DC878F4926BFA97400E1D7E7 /* ThumbVC.m in Sources */,
				DC91AA3E26C4E25600859464 /* LabelVC.m in Sources */,
				DCE50D6026D0F247009CB342 /* ScaleVC.m in Sources */,
				DC19BA8C26BA77DF00A943A7 /* CGTransformPracticeVC.m in Sources */,
				DC948FFF26BE3C7B003205B6 /* CAEmitterLayerVC.m in Sources */,
			);
			runOnlyForDeploymentPostprocessing = 0;
		};
/* End PBXSourcesBuildPhase section */

/* Begin PBXVariantGroup section */
		DC94481C26B3A77D00F896D0 /* LaunchScreen.storyboard */ = {
			isa = PBXVariantGroup;
			children = (
				DC94481D26B3A77D00F896D0 /* Base */,
			);
			name = LaunchScreen.storyboard;
			sourceTree = "<group>";
		};
/* End PBXVariantGroup section */

/* Begin XCBuildConfiguration section */
		DC94482226B3A77D00F896D0 /* Debug */ = {
			isa = XCBuildConfiguration;
			buildSettings = {
				ALWAYS_SEARCH_USER_PATHS = NO;
				CLANG_ANALYZER_NONNULL = YES;
				CLANG_ANALYZER_NUMBER_OBJECT_CONVERSION = YES_AGGRESSIVE;
				CLANG_CXX_LANGUAGE_STANDARD = "gnu++14";
				CLANG_CXX_LIBRARY = "libc++";
				CLANG_ENABLE_MODULES = YES;
				CLANG_ENABLE_OBJC_ARC = YES;
				CLANG_ENABLE_OBJC_WEAK = YES;
				CLANG_WARN_BLOCK_CAPTURE_AUTORELEASING = YES;
				CLANG_WARN_BOOL_CONVERSION = YES;
				CLANG_WARN_COMMA = YES;
				CLANG_WARN_CONSTANT_CONVERSION = YES;
				CLANG_WARN_DEPRECATED_OBJC_IMPLEMENTATIONS = YES;
				CLANG_WARN_DIRECT_OBJC_ISA_USAGE = YES_ERROR;
				CLANG_WARN_DOCUMENTATION_COMMENTS = YES;
				CLANG_WARN_EMPTY_BODY = YES;
				CLANG_WARN_ENUM_CONVERSION = YES;
				CLANG_WARN_INFINITE_RECURSION = YES;
				CLANG_WARN_INT_CONVERSION = YES;
				CLANG_WARN_NON_LITERAL_NULL_CONVERSION = YES;
				CLANG_WARN_OBJC_IMPLICIT_RETAIN_SELF = YES;
				CLANG_WARN_OBJC_LITERAL_CONVERSION = YES;
				CLANG_WARN_OBJC_ROOT_CLASS = YES_ERROR;
				CLANG_WARN_QUOTED_INCLUDE_IN_FRAMEWORK_HEADER = YES;
				CLANG_WARN_RANGE_LOOP_ANALYSIS = YES;
				CLANG_WARN_STRICT_PROTOTYPES = YES;
				CLANG_WARN_SUSPICIOUS_MOVE = YES;
				CLANG_WARN_UNGUARDED_AVAILABILITY = YES_AGGRESSIVE;
				CLANG_WARN_UNREACHABLE_CODE = YES;
				CLANG_WARN__DUPLICATE_METHOD_MATCH = YES;
				COPY_PHASE_STRIP = NO;
				DEBUG_INFORMATION_FORMAT = dwarf;
				ENABLE_STRICT_OBJC_MSGSEND = YES;
				ENABLE_TESTABILITY = YES;
				GCC_C_LANGUAGE_STANDARD = gnu11;
				GCC_DYNAMIC_NO_PIC = NO;
				GCC_NO_COMMON_BLOCKS = YES;
				GCC_OPTIMIZATION_LEVEL = 0;
				GCC_PREPROCESSOR_DEFINITIONS = (
					"DEBUG=1",
					"$(inherited)",
				);
				GCC_WARN_64_TO_32_BIT_CONVERSION = YES;
				GCC_WARN_ABOUT_RETURN_TYPE = YES_ERROR;
				GCC_WARN_UNDECLARED_SELECTOR = YES;
				GCC_WARN_UNINITIALIZED_AUTOS = YES_AGGRESSIVE;
				GCC_WARN_UNUSED_FUNCTION = YES;
				GCC_WARN_UNUSED_VARIABLE = YES;
				IPHONEOS_DEPLOYMENT_TARGET = 14.4;
				MTL_ENABLE_DEBUG_INFO = INCLUDE_SOURCE;
				MTL_FAST_MATH = YES;
				ONLY_ACTIVE_ARCH = YES;
				SDKROOT = iphoneos;
			};
			name = Debug;
		};
		DC94482326B3A77D00F896D0 /* Release */ = {
			isa = XCBuildConfiguration;
			buildSettings = {
				ALWAYS_SEARCH_USER_PATHS = NO;
				CLANG_ANALYZER_NONNULL = YES;
				CLANG_ANALYZER_NUMBER_OBJECT_CONVERSION = YES_AGGRESSIVE;
				CLANG_CXX_LANGUAGE_STANDARD = "gnu++14";
				CLANG_CXX_LIBRARY = "libc++";
				CLANG_ENABLE_MODULES = YES;
				CLANG_ENABLE_OBJC_ARC = YES;
				CLANG_ENABLE_OBJC_WEAK = YES;
				CLANG_WARN_BLOCK_CAPTURE_AUTORELEASING = YES;
				CLANG_WARN_BOOL_CONVERSION = YES;
				CLANG_WARN_COMMA = YES;
				CLANG_WARN_CONSTANT_CONVERSION = YES;
				CLANG_WARN_DEPRECATED_OBJC_IMPLEMENTATIONS = YES;
				CLANG_WARN_DIRECT_OBJC_ISA_USAGE = YES_ERROR;
				CLANG_WARN_DOCUMENTATION_COMMENTS = YES;
				CLANG_WARN_EMPTY_BODY = YES;
				CLANG_WARN_ENUM_CONVERSION = YES;
				CLANG_WARN_INFINITE_RECURSION = YES;
				CLANG_WARN_INT_CONVERSION = YES;
				CLANG_WARN_NON_LITERAL_NULL_CONVERSION = YES;
				CLANG_WARN_OBJC_IMPLICIT_RETAIN_SELF = YES;
				CLANG_WARN_OBJC_LITERAL_CONVERSION = YES;
				CLANG_WARN_OBJC_ROOT_CLASS = YES_ERROR;
				CLANG_WARN_QUOTED_INCLUDE_IN_FRAMEWORK_HEADER = YES;
				CLANG_WARN_RANGE_LOOP_ANALYSIS = YES;
				CLANG_WARN_STRICT_PROTOTYPES = YES;
				CLANG_WARN_SUSPICIOUS_MOVE = YES;
				CLANG_WARN_UNGUARDED_AVAILABILITY = YES_AGGRESSIVE;
				CLANG_WARN_UNREACHABLE_CODE = YES;
				CLANG_WARN__DUPLICATE_METHOD_MATCH = YES;
				COPY_PHASE_STRIP = NO;
				DEBUG_INFORMATION_FORMAT = "dwarf-with-dsym";
				ENABLE_NS_ASSERTIONS = NO;
				ENABLE_STRICT_OBJC_MSGSEND = YES;
				GCC_C_LANGUAGE_STANDARD = gnu11;
				GCC_NO_COMMON_BLOCKS = YES;
				GCC_WARN_64_TO_32_BIT_CONVERSION = YES;
				GCC_WARN_ABOUT_RETURN_TYPE = YES_ERROR;
				GCC_WARN_UNDECLARED_SELECTOR = YES;
				GCC_WARN_UNINITIALIZED_AUTOS = YES_AGGRESSIVE;
				GCC_WARN_UNUSED_FUNCTION = YES;
				GCC_WARN_UNUSED_VARIABLE = YES;
				IPHONEOS_DEPLOYMENT_TARGET = 14.4;
				MTL_ENABLE_DEBUG_INFO = NO;
				MTL_FAST_MATH = YES;
				SDKROOT = iphoneos;
				VALIDATE_PRODUCT = YES;
			};
			name = Release;
		};
		DC94482526B3A77D00F896D0 /* Debug */ = {
			isa = XCBuildConfiguration;
			buildSettings = {
				ASSETCATALOG_COMPILER_APPICON_NAME = AppIcon;
				ASSETCATALOG_COMPILER_GLOBAL_ACCENT_COLOR_NAME = AccentColor;
				CODE_SIGN_STYLE = Automatic;
				DEVELOPMENT_TEAM = WV74C7L9WN;
				INFOPLIST_FILE = FXAnimation/Info.plist;
				IPHONEOS_DEPLOYMENT_TARGET = 9.0;
				LD_RUNPATH_SEARCH_PATHS = (
					"$(inherited)",
					"@executable_path/Frameworks",
				);
				PRODUCT_BUNDLE_IDENTIFIER = Feng.FXAnimation;
				PRODUCT_NAME = "$(TARGET_NAME)";
				TARGETED_DEVICE_FAMILY = 1;
			};
			name = Debug;
		};
		DC94482626B3A77D00F896D0 /* Release */ = {
			isa = XCBuildConfiguration;
			buildSettings = {
				ASSETCATALOG_COMPILER_APPICON_NAME = AppIcon;
				ASSETCATALOG_COMPILER_GLOBAL_ACCENT_COLOR_NAME = AccentColor;
				CODE_SIGN_STYLE = Automatic;
				DEVELOPMENT_TEAM = WV74C7L9WN;
				INFOPLIST_FILE = FXAnimation/Info.plist;
				IPHONEOS_DEPLOYMENT_TARGET = 9.0;
				LD_RUNPATH_SEARCH_PATHS = (
					"$(inherited)",
					"@executable_path/Frameworks",
				);
				PRODUCT_BUNDLE_IDENTIFIER = Feng.FXAnimation;
				PRODUCT_NAME = "$(TARGET_NAME)";
				TARGETED_DEVICE_FAMILY = 1;
			};
			name = Release;
		};
/* End XCBuildConfiguration section */

/* Begin XCConfigurationList section */
		DC94480626B3A77D00F896D0 /* Build configuration list for PBXProject "FXAnimation" */ = {
			isa = XCConfigurationList;
			buildConfigurations = (
				DC94482226B3A77D00F896D0 /* Debug */,
				DC94482326B3A77D00F896D0 /* Release */,
			);
			defaultConfigurationIsVisible = 0;
			defaultConfigurationName = Release;
		};
		DC94482426B3A77D00F896D0 /* Build configuration list for PBXNativeTarget "FXAnimation" */ = {
			isa = XCConfigurationList;
			buildConfigurations = (
				DC94482526B3A77D00F896D0 /* Debug */,
				DC94482626B3A77D00F896D0 /* Release */,
			);
			defaultConfigurationIsVisible = 0;
			defaultConfigurationName = Release;
		};
/* End XCConfigurationList section */
	};
	rootObject = DC94480326B3A77D00F896D0 /* Project object */;
}
